
Microsoft Visual Studio Solution File, Format Version 12.00
# Visual Studio 15
VisualStudioVersion = 15.0.28307.757
MinimumVisualStudioVersion = 10.0.40219.1
Project("{FAE04EC0-301F-11D3-BF4B-00C04F79EFBC}") = "CursoOnline.Dominio.Test", "test\CursoOnline.Dominio.Test\CursoOnline.Dominio.Test.csproj", "{F7D0BE76-3ABA-4CC3-AA29-383C009A57D7}"
EndProject
Project("{FAE04EC0-301F-11D3-BF4B-00C04F79EFBC}") = "CursoOnline.Dominio", "src\CursoOnline.Dominio\CursoOnline.Dominio.csproj", "{AB9C024D-9E41-4780-A530-48F2D787E764}"
EndProject
Global
	GlobalSection(SolutionConfigurationPlatforms) = preSolution
		Debug|Any CPU = Debug|Any CPU
		Release|Any CPU = Release|Any CPU
	EndGlobalSection
	GlobalSection(ProjectConfigurationPlatforms) = postSolution
		{F7D0BE76-3ABA-4CC3-AA29-383C009A57D7}.Debug|Any CPU.ActiveCfg = Debug|Any CPU
		{F7D0BE76-3ABA-4CC3-AA29-383C009A57D7}.Debug|Any CPU.Build.0 = Debug|Any CPU
		{F7D0BE76-3ABA-4CC3-AA29-383C009A57D7}.Release|Any CPU.ActiveCfg = Release|Any CPU
		{F7D0BE76-3ABA-4CC3-AA29-383C009A57D7}.Release|Any CPU.Build.0 = Release|Any CPU
		{AB9C024D-9E41-4780-A530-48F2D787E764}.Debug|Any CPU.ActiveCfg = Debug|Any CPU
		{AB9C024D-9E41-4780-A530-48F2D787E764}.Debug|Any CPU.Build.0 = Debug|Any CPU
		{AB9C024D-9E41-4780-A530-48F2D787E764}.Release|Any CPU.ActiveCfg = Release|Any CPU
		{AB9C024D-9E41-4780-A530-48F2D787E764}.Release|Any CPU.Build.0 = Release|Any CPU
	EndGlobalSection
	GlobalSection(SolutionProperties) = preSolution
		HideSolutionNode = FALSE
	EndGlobalSection
	GlobalSection(ExtensibilityGlobals) = postSolution
		SolutionGuid = {5334D675-107E-4648-A0EE-EA798908D879}
	EndGlobalSection
EndGlobal
